
Microsoft Visual Studio Solution File, Format Version 12.00
# Visual Studio Version 16
VisualStudioVersion = 16.0.31911.196
MinimumVisualStudioVersion = 10.0.40219.1
Project("{FAE04EC0-301F-11D3-BF4B-00C04F79EFBC}") = "LearnDevops", "LearnDevops.csproj", "{480B0421-8DE8-45DE-9E8D-18E3E4F8C896}"
EndProject
Global
	GlobalSection(SolutionConfigurationPlatforms) = preSolution
		Debug|Any CPU = Debug|Any CPU
		Release|Any CPU = Release|Any CPU
	EndGlobalSection
	GlobalSection(ProjectConfigurationPlatforms) = postSolution
		{480B0421-8DE8-45DE-9E8D-18E3E4F8C896}.Debug|Any CPU.ActiveCfg = Debug|Any CPU
		{480B0421-8DE8-45DE-9E8D-18E3E4F8C896}.Debug|Any CPU.Build.0 = Debug|Any CPU
		{480B0421-8DE8-45DE-9E8D-18E3E4F8C896}.Release|Any CPU.ActiveCfg = Release|Any CPU
		{480B0421-8DE8-45DE-9E8D-18E3E4F8C896}.Release|Any CPU.Build.0 = Release|Any CPU
	EndGlobalSection
	GlobalSection(SolutionProperties) = preSolution
		HideSolutionNode = FALSE
	EndGlobalSection
	GlobalSection(ExtensibilityGlobals) = postSolution
		SolutionGuid = {62B4728A-007C-4231-A5E0-642E9EB2748F}
	EndGlobalSection
EndGlobal
